
Microsoft Visual Studio Solution File, Format Version 12.00
# Visual Studio 15
VisualStudioVersion = 15.0.28307.539
MinimumVisualStudioVersion = 10.0.40219.1
Project("{FAE04EC0-301F-11D3-BF4B-00C04F79EFBC}") = "WebAPI", "WebAPI\WebAPI.csproj", "{83227464-3D25-4B5C-B5C5-4F822C12362F}"
EndProject
Project("{FAE04EC0-301F-11D3-BF4B-00C04F79EFBC}") = "Services", "Services\Services.csproj", "{A1F9E186-6650-40F1-8823-60D0122CD45E}"
EndProject
Project("{FAE04EC0-301F-11D3-BF4B-00C04F79EFBC}") = "Data", "Data\Data.csproj", "{67BE2ACB-A78D-44BC-9809-6B46BADBED97}"
EndProject
Project("{FAE04EC0-301F-11D3-BF4B-00C04F79EFBC}") = "Core.Common", "Core.Common\Core.Common.csproj", "{6808C647-961F-4AFF-B23D-259A07119D97}"
EndProject
Project("{FAE04EC0-301F-11D3-BF4B-00C04F79EFBC}") = "SignalRConnection", "SignalRConnection\SignalRConnection.csproj", "{490CD19B-B4AA-499C-A15E-9389E684A2EC}"
EndProject
Global
	GlobalSection(SolutionConfigurationPlatforms) = preSolution
		Debug|Any CPU = Debug|Any CPU
		Release|Any CPU = Release|Any CPU
	EndGlobalSection
	GlobalSection(ProjectConfigurationPlatforms) = postSolution
		{83227464-3D25-4B5C-B5C5-4F822C12362F}.Debug|Any CPU.ActiveCfg = Debug|Any CPU
		{83227464-3D25-4B5C-B5C5-4F822C12362F}.Debug|Any CPU.Build.0 = Debug|Any CPU
		{83227464-3D25-4B5C-B5C5-4F822C12362F}.Release|Any CPU.ActiveCfg = Release|Any CPU
		{83227464-3D25-4B5C-B5C5-4F822C12362F}.Release|Any CPU.Build.0 = Release|Any CPU
		{A1F9E186-6650-40F1-8823-60D0122CD45E}.Debug|Any CPU.ActiveCfg = Debug|Any CPU
		{A1F9E186-6650-40F1-8823-60D0122CD45E}.Debug|Any CPU.Build.0 = Debug|Any CPU
		{A1F9E186-6650-40F1-8823-60D0122CD45E}.Release|Any CPU.ActiveCfg = Release|Any CPU
		{A1F9E186-6650-40F1-8823-60D0122CD45E}.Release|Any CPU.Build.0 = Release|Any CPU
		{67BE2ACB-A78D-44BC-9809-6B46BADBED97}.Debug|Any CPU.ActiveCfg = Debug|Any CPU
		{67BE2ACB-A78D-44BC-9809-6B46BADBED97}.Debug|Any CPU.Build.0 = Debug|Any CPU
		{67BE2ACB-A78D-44BC-9809-6B46BADBED97}.Release|Any CPU.ActiveCfg = Release|Any CPU
		{67BE2ACB-A78D-44BC-9809-6B46BADBED97}.Release|Any CPU.Build.0 = Release|Any CPU
		{6808C647-961F-4AFF-B23D-259A07119D97}.Debug|Any CPU.ActiveCfg = Debug|Any CPU
		{6808C647-961F-4AFF-B23D-259A07119D97}.Debug|Any CPU.Build.0 = Debug|Any CPU
		{6808C647-961F-4AFF-B23D-259A07119D97}.Release|Any CPU.ActiveCfg = Release|Any CPU
		{6808C647-961F-4AFF-B23D-259A07119D97}.Release|Any CPU.Build.0 = Release|Any CPU
		{490CD19B-B4AA-499C-A15E-9389E684A2EC}.Debug|Any CPU.ActiveCfg = Debug|Any CPU
		{490CD19B-B4AA-499C-A15E-9389E684A2EC}.Debug|Any CPU.Build.0 = Debug|Any CPU
		{490CD19B-B4AA-499C-A15E-9389E684A2EC}.Release|Any CPU.ActiveCfg = Release|Any CPU
		{490CD19B-B4AA-499C-A15E-9389E684A2EC}.Release|Any CPU.Build.0 = Release|Any CPU
	EndGlobalSection
	GlobalSection(SolutionProperties) = preSolution
		HideSolutionNode = FALSE
	EndGlobalSection
	GlobalSection(ExtensibilityGlobals) = postSolution
		SolutionGuid = {2719688D-3540-48D8-AEC2-400956FAA7F8}
	EndGlobalSection
EndGlobal
